
Microsoft Visual Studio Solution File, Format Version 12.00
# Visual Studio Version 17
VisualStudioVersion = 17.7.34221.43
MinimumVisualStudioVersion = 10.0.40219.1
Project("{FAE04EC0-301F-11D3-BF4B-00C04F79EFBC}") = "Csharp", "Csharp\Csharp.csproj", "{B199A7D9-67A2-46C3-93D3-1EF75E436DAA}"
EndProject
Global
	GlobalSection(SolutionConfigurationPlatforms) = preSolution
		Debug|Any CPU = Debug|Any CPU
		Release|Any CPU = Release|Any CPU
	EndGlobalSection
	GlobalSection(ProjectConfigurationPlatforms) = postSolution
		{B199A7D9-67A2-46C3-93D3-1EF75E436DAA}.Debug|Any CPU.ActiveCfg = Debug|Any CPU
		{B199A7D9-67A2-46C3-93D3-1EF75E436DAA}.Debug|Any CPU.Build.0 = Debug|Any CPU
		{B199A7D9-67A2-46C3-93D3-1EF75E436DAA}.Release|Any CPU.ActiveCfg = Release|Any CPU
		{B199A7D9-67A2-46C3-93D3-1EF75E436DAA}.Release|Any CPU.Build.0 = Release|Any CPU
	EndGlobalSection
	GlobalSection(SolutionProperties) = preSolution
		HideSolutionNode = FALSE
	EndGlobalSection
	GlobalSection(ExtensibilityGlobals) = postSolution
		SolutionGuid = {76871A04-118B-4A8E-A4F9-D403DD9407D1}
	EndGlobalSection
EndGlobal
